
Microsoft Visual Studio Solution File, Format Version 12.00
# Visual Studio Version 16
VisualStudioVersion = 16.0.32106.194
MinimumVisualStudioVersion = 10.0.40219.1
Project("{FAE04EC0-301F-11D3-BF4B-00C04F79EFBC}") = "CmnUtil", "CmnUtil.csproj", "{01921291-CE5A-407F-AD06-3FFE89698E73}"
EndProject
Global
	GlobalSection(SolutionConfigurationPlatforms) = preSolution
		Debug|Any CPU = Debug|Any CPU
		Release|Any CPU = Release|Any CPU
	EndGlobalSection
	GlobalSection(ProjectConfigurationPlatforms) = postSolution
		{01921291-CE5A-407F-AD06-3FFE89698E73}.Debug|Any CPU.ActiveCfg = Debug|Any CPU
		{01921291-CE5A-407F-AD06-3FFE89698E73}.Debug|Any CPU.Build.0 = Debug|Any CPU
		{01921291-CE5A-407F-AD06-3FFE89698E73}.Release|Any CPU.ActiveCfg = Release|Any CPU
		{01921291-CE5A-407F-AD06-3FFE89698E73}.Release|Any CPU.Build.0 = Release|Any CPU
	EndGlobalSection
	GlobalSection(SolutionProperties) = preSolution
		HideSolutionNode = FALSE
	EndGlobalSection
	GlobalSection(ExtensibilityGlobals) = postSolution
		SolutionGuid = {BB0F8E87-6543-4396-B28E-A98735A361A4}
	EndGlobalSection
EndGlobal
